// !$*UTF8*$!
{
	archiveVersion = 1;
	classes = {
	};
	objectVersion = 56;
	objects = {

/* Begin PBXBuildFile section */
		E932457A2B6DFC3E00C7AEB3 /* AppDelegate.swift in Sources */ = {isa = PBXBuildFile; fileRef = E93245792B6DFC3E00C7AEB3 /* AppDelegate.swift */; };
		E932457C2B6DFC3E00C7AEB3 /* SceneDelegate.swift in Sources */ = {isa = PBXBuildFile; fileRef = E932457B2B6DFC3E00C7AEB3 /* SceneDelegate.swift */; };
		E932457E2B6DFC3E00C7AEB3 /* ViewController.swift in Sources */ = {isa = PBXBuildFile; fileRef = E932457D2B6DFC3E00C7AEB3 /* ViewController.swift */; };
		E93245832B6DFC3F00C7AEB3 /* Assets.xcassets in Resources */ = {isa = PBXBuildFile; fileRef = E93245822B6DFC3F00C7AEB3 /* Assets.xcassets */; };
		E93245862B6DFC3F00C7AEB3 /* LaunchScreen.storyboard in Resources */ = {isa = PBXBuildFile; fileRef = E93245842B6DFC3F00C7AEB3 /* LaunchScreen.storyboard */; };
		E932458E2B6DFCA400C7AEB3 /* Constants.swift in Sources */ = {isa = PBXBuildFile; fileRef = E932458D2B6DFCA400C7AEB3 /* Constants.swift */; };
		E93245902B6DFCFF00C7AEB3 /* NetworkService.swift in Sources */ = {isa = PBXBuildFile; fileRef = E932458F2B6DFCFF00C7AEB3 /* NetworkService.swift */; };
		E93245922B6DFDC100C7AEB3 /* QuoteModel.swift in Sources */ = {isa = PBXBuildFile; fileRef = E93245912B6DFDC100C7AEB3 /* QuoteModel.swift */; };
		E93245942B6E23F500C7AEB3 /* ViewModel.swift in Sources */ = {isa = PBXBuildFile; fileRef = E93245932B6E23F500C7AEB3 /* ViewModel.swift */; };
		E9E3733A2B711DD4003F51E8 /* DataModel.xcdatamodeld in Sources */ = {isa = PBXBuildFile; fileRef = E9E373382B711DD4003F51E8 /* DataModel.xcdatamodeld */; };
/* End PBXBuildFile section */

/* Begin PBXFileReference section */
		E93245762B6DFC3E00C7AEB3 /* AA.app */ = {isa = PBXFileReference; explicitFileType = wrapper.application; includeInIndex = 0; path = AA.app; sourceTree = BUILT_PRODUCTS_DIR; };
		E93245792B6DFC3E00C7AEB3 /* AppDelegate.swift */ = {isa = PBXFileReference; lastKnownFileType = sourcecode.swift; path = AppDelegate.swift; sourceTree = "<group>"; };
		E932457B2B6DFC3E00C7AEB3 /* SceneDelegate.swift */ = {isa = PBXFileReference; lastKnownFileType = sourcecode.swift; path = SceneDelegate.swift; sourceTree = "<group>"; };
		E932457D2B6DFC3E00C7AEB3 /* ViewController.swift */ = {isa = PBXFileReference; lastKnownFileType = sourcecode.swift; path = ViewController.swift; sourceTree = "<group>"; };
		E93245822B6DFC3F00C7AEB3 /* Assets.xcassets */ = {isa = PBXFileReference; lastKnownFileType = folder.assetcatalog; path = Assets.xcassets; sourceTree = "<group>"; };
		E93245852B6DFC3F00C7AEB3 /* Base */ = {isa = PBXFileReference; lastKnownFileType = file.storyboard; name = Base; path = Base.lproj/LaunchScreen.storyboard; sourceTree = "<group>"; };
		E93245872B6DFC3F00C7AEB3 /* Info.plist */ = {isa = PBXFileReference; lastKnownFileType = text.plist.xml; path = Info.plist; sourceTree = "<group>"; };
		E932458D2B6DFCA400C7AEB3 /* Constants.swift */ = {isa = PBXFileReference; lastKnownFileType = sourcecode.swift; path = Constants.swift; sourceTree = "<group>"; };
		E932458F2B6DFCFF00C7AEB3 /* NetworkService.swift */ = {isa = PBXFileReference; lastKnownFileType = sourcecode.swift; path = NetworkService.swift; sourceTree = "<group>"; };
		E93245912B6DFDC100C7AEB3 /* QuoteModel.swift */ = {isa = PBXFileReference; lastKnownFileType = sourcecode.swift; path = QuoteModel.swift; sourceTree = "<group>"; };
		E93245932B6E23F500C7AEB3 /* ViewModel.swift */ = {isa = PBXFileReference; lastKnownFileType = sourcecode.swift; path = ViewModel.swift; sourceTree = "<group>"; };
		E9E373392B711DD4003F51E8 /* DataModel.xcdatamodel */ = {isa = PBXFileReference; lastKnownFileType = wrapper.xcdatamodel; path = DataModel.xcdatamodel; sourceTree = "<group>"; };
/* End PBXFileReference section */

/* Begin PBXFrameworksBuildPhase section */
		E93245732B6DFC3E00C7AEB3 /* Frameworks */ = {
			isa = PBXFrameworksBuildPhase;
			buildActionMask = 2147483647;
			files = (
			);
			runOnlyForDeploymentPostprocessing = 0;
		};
/* End PBXFrameworksBuildPhase section */

/* Begin PBXGroup section */
		E932456D2B6DFC3E00C7AEB3 = {
			isa = PBXGroup;
			children = (
				E93245782B6DFC3E00C7AEB3 /* AA */,
				E93245772B6DFC3E00C7AEB3 /* Products */,
			);
			sourceTree = "<group>";
		};
		E93245772B6DFC3E00C7AEB3 /* Products */ = {
			isa = PBXGroup;
			children = (
				E93245762B6DFC3E00C7AEB3 /* AA.app */,
			);
			name = Products;
			sourceTree = "<group>";
		};
		E93245782B6DFC3E00C7AEB3 /* AA */ = {
			isa = PBXGroup;
			children = (
				E93245792B6DFC3E00C7AEB3 /* AppDelegate.swift */,
				E932457B2B6DFC3E00C7AEB3 /* SceneDelegate.swift */,
				E932457D2B6DFC3E00C7AEB3 /* ViewController.swift */,
				E93245932B6E23F500C7AEB3 /* ViewModel.swift */,
				E932458D2B6DFCA400C7AEB3 /* Constants.swift */,
				E932458F2B6DFCFF00C7AEB3 /* NetworkService.swift */,
				E93245912B6DFDC100C7AEB3 /* QuoteModel.swift */,
				E93245822B6DFC3F00C7AEB3 /* Assets.xcassets */,
				E93245842B6DFC3F00C7AEB3 /* LaunchScreen.storyboard */,
				E93245872B6DFC3F00C7AEB3 /* Info.plist */,
				E9E373382B711DD4003F51E8 /* DataModel.xcdatamodeld */,
			);
			path = AA;
			sourceTree = "<group>";
		};
/* End PBXGroup section */

/* Begin PBXNativeTarget section */
		E93245752B6DFC3E00C7AEB3 /* AA */ = {
			isa = PBXNativeTarget;
			buildConfigurationList = E932458A2B6DFC3F00C7AEB3 /* Build configuration list for PBXNativeTarget "AA" */;
			buildPhases = (
				E93245722B6DFC3E00C7AEB3 /* Sources */,
				E93245732B6DFC3E00C7AEB3 /* Frameworks */,
				E93245742B6DFC3E00C7AEB3 /* Resources */,
			);
			buildRules = (
			);
			dependencies = (
			);
			name = AA;
			productName = AA;
			productReference = E93245762B6DFC3E00C7AEB3 /* AA.app */;
			productType = "com.apple.product-type.application";
		};
/* End PBXNativeTarget section */

/* Begin PBXProject section */
		E932456E2B6DFC3E00C7AEB3 /* Project object */ = {
			isa = PBXProject;
			attributes = {
				BuildIndependentTargetsInParallel = 1;
				LastSwiftUpdateCheck = 1420;
				LastUpgradeCheck = 1420;
				TargetAttributes = {
					E93245752B6DFC3E00C7AEB3 = {
						CreatedOnToolsVersion = 14.2;
					};
				};
			};
			buildConfigurationList = E93245712B6DFC3E00C7AEB3 /* Build configuration list for PBXProject "AA" */;
			compatibilityVersion = "Xcode 14.0";
			developmentRegion = en;
			hasScannedForEncodings = 0;
			knownRegions = (
				en,
				Base,
			);
			mainGroup = E932456D2B6DFC3E00C7AEB3;
			productRefGroup = E93245772B6DFC3E00C7AEB3 /* Products */;
			projectDirPath = "";
			projectRoot = "";
			targets = (
				E93245752B6DFC3E00C7AEB3 /* AA */,
			);
		};
/* End PBXProject section */

/* Begin PBXResourcesBuildPhase section */
		E93245742B6DFC3E00C7AEB3 /* Resources */ = {
			isa = PBXResourcesBuildPhase;
			buildActionMask = 2147483647;
			files = (
				E93245862B6DFC3F00C7AEB3 /* LaunchScreen.storyboard in Resources */,
				E93245832B6DFC3F00C7AEB3 /* Assets.xcassets in Resources */,
			);
			runOnlyForDeploymentPostprocessing = 0;
		};
/* End PBXResourcesBuildPhase section */

/* Begin PBXSourcesBuildPhase section */
		E93245722B6DFC3E00C7AEB3 /* Sources */ = {
			isa = PBXSourcesBuildPhase;
			buildActionMask = 2147483647;
			files = (
				E93245922B6DFDC100C7AEB3 /* QuoteModel.swift in Sources */,
				E9E3733A2B711DD4003F51E8 /* DataModel.xcdatamodeld in Sources */,
				E93245902B6DFCFF00C7AEB3 /* NetworkService.swift in Sources */,
				E932458E2B6DFCA400C7AEB3 /* Constants.swift in Sources */,
				E932457E2B6DFC3E00C7AEB3 /* ViewController.swift in Sources */,
				E932457A2B6DFC3E00C7AEB3 /* AppDelegate.swift in Sources */,
				E932457C2B6DFC3E00C7AEB3 /* SceneDelegate.swift in Sources */,
				E93245942B6E23F500C7AEB3 /* ViewModel.swift in Sources */,
			);
			runOnlyForDeploymentPostprocessing = 0;
		};
/* End PBXSourcesBuildPhase section */

/* Begin PBXVariantGroup section */
		E93245842B6DFC3F00C7AEB3 /* LaunchScreen.storyboard */ = {
			isa = PBXVariantGroup;
			children = (
				E93245852B6DFC3F00C7AEB3 /* Base */,
			);
			name = LaunchScreen.storyboard;
			sourceTree = "<group>";
		};
/* End PBXVariantGroup section */

/* Begin XCBuildConfiguration section */
		E93245882B6DFC3F00C7AEB3 /* Debug */ = {
			isa = XCBuildConfiguration;
			buildSettings = {
				ALWAYS_SEARCH_USER_PATHS = NO;
				CLANG_ANALYZER_NONNULL = YES;
				CLANG_ANALYZER_NUMBER_OBJECT_CONVERSION = YES_AGGRESSIVE;
				CLANG_CXX_LANGUAGE_STANDARD = "gnu++20";
				CLANG_ENABLE_MODULES = YES;
				CLANG_ENABLE_OBJC_ARC = YES;
				CLANG_ENABLE_OBJC_WEAK = YES;
				CLANG_WARN_BLOCK_CAPTURE_AUTORELEASING = YES;
				CLANG_WARN_BOOL_CONVERSION = YES;
				CLANG_WARN_COMMA = YES;
				CLANG_WARN_CONSTANT_CONVERSION = YES;
				CLANG_WARN_DEPRECATED_OBJC_IMPLEMENTATIONS = YES;
				CLANG_WARN_DIRECT_OBJC_ISA_USAGE = YES_ERROR;
				CLANG_WARN_DOCUMENTATION_COMMENTS = YES;
				CLANG_WARN_EMPTY_BODY = YES;
				CLANG_WARN_ENUM_CONVERSION = YES;
				CLANG_WARN_INFINITE_RECURSION = YES;
				CLANG_WARN_INT_CONVERSION = YES;
				CLANG_WARN_NON_LITERAL_NULL_CONVERSION = YES;
				CLANG_WARN_OBJC_IMPLICIT_RETAIN_SELF = YES;
				CLANG_WARN_OBJC_LITERAL_CONVERSION = YES;
				CLANG_WARN_OBJC_ROOT_CLASS = YES_ERROR;
				CLANG_WARN_QUOTED_INCLUDE_IN_FRAMEWORK_HEADER = YES;
				CLANG_WARN_RANGE_LOOP_ANALYSIS = YES;
				CLANG_WARN_STRICT_PROTOTYPES = YES;
				CLANG_WARN_SUSPICIOUS_MOVE = YES;
				CLANG_WARN_UNGUARDED_AVAILABILITY = YES_AGGRESSIVE;
				CLANG_WARN_UNREACHABLE_CODE = YES;
				CLANG_WARN__DUPLICATE_METHOD_MATCH = YES;
				COPY_PHASE_STRIP = NO;
				DEBUG_INFORMATION_FORMAT = dwarf;
				ENABLE_STRICT_OBJC_MSGSEND = YES;
				ENABLE_TESTABILITY = YES;
				GCC_C_LANGUAGE_STANDARD = gnu11;
				GCC_DYNAMIC_NO_PIC = NO;
				GCC_NO_COMMON_BLOCKS = YES;
				GCC_OPTIMIZATION_LEVEL = 0;
				GCC_PREPROCESSOR_DEFINITIONS = (
					"DEBUG=1",
					"$(inherited)",
				);
				GCC_WARN_64_TO_32_BIT_CONVERSION = YES;
				GCC_WARN_ABOUT_RETURN_TYPE = YES_ERROR;
				GCC_WARN_UNDECLARED_SELECTOR = YES;
				GCC_WARN_UNINITIALIZED_AUTOS = YES_AGGRESSIVE;
				GCC_WARN_UNUSED_FUNCTION = YES;
				GCC_WARN_UNUSED_VARIABLE = YES;
				IPHONEOS_DEPLOYMENT_TARGET = 16.2;
				MTL_ENABLE_DEBUG_INFO = INCLUDE_SOURCE;
				MTL_FAST_MATH = YES;
				ONLY_ACTIVE_ARCH = YES;
				SDKROOT = iphoneos;
				SWIFT_ACTIVE_COMPILATION_CONDITIONS = DEBUG;
				SWIFT_OPTIMIZATION_LEVEL = "-Onone";
			};
			name = Debug;
		};
		E93245892B6DFC3F00C7AEB3 /* Release */ = {
			isa = XCBuildConfiguration;
			buildSettings = {
				ALWAYS_SEARCH_USER_PATHS = NO;
				CLANG_ANALYZER_NONNULL = YES;
				CLANG_ANALYZER_NUMBER_OBJECT_CONVERSION = YES_AGGRESSIVE;
				CLANG_CXX_LANGUAGE_STANDARD = "gnu++20";
				CLANG_ENABLE_MODULES = YES;
				CLANG_ENABLE_OBJC_ARC = YES;
				CLANG_ENABLE_OBJC_WEAK = YES;
				CLANG_WARN_BLOCK_CAPTURE_AUTORELEASING = YES;
				CLANG_WARN_BOOL_CONVERSION = YES;
				CLANG_WARN_COMMA = YES;
				CLANG_WARN_CONSTANT_CONVERSION = YES;
				CLANG_WARN_DEPRECATED_OBJC_IMPLEMENTATIONS = YES;
				CLANG_WARN_DIRECT_OBJC_ISA_USAGE = YES_ERROR;
				CLANG_WARN_DOCUMENTATION_COMMENTS = YES;
				CLANG_WARN_EMPTY_BODY = YES;
				CLANG_WARN_ENUM_CONVERSION = YES;
				CLANG_WARN_INFINITE_RECURSION = YES;
				CLANG_WARN_INT_CONVERSION = YES;
				CLANG_WARN_NON_LITERAL_NULL_CONVERSION = YES;
				CLANG_WARN_OBJC_IMPLICIT_RETAIN_SELF = YES;
				CLANG_WARN_OBJC_LITERAL_CONVERSION = YES;
				CLANG_WARN_OBJC_ROOT_CLASS = YES_ERROR;
				CLANG_WARN_QUOTED_INCLUDE_IN_FRAMEWORK_HEADER = YES;
				CLANG_WARN_RANGE_LOOP_ANALYSIS = YES;
				CLANG_WARN_STRICT_PROTOTYPES = YES;
				CLANG_WARN_SUSPICIOUS_MOVE = YES;
				CLANG_WARN_UNGUARDED_AVAILABILITY = YES_AGGRESSIVE;
				CLANG_WARN_UNREACHABLE_CODE = YES;
				CLANG_WARN__DUPLICATE_METHOD_MATCH = YES;
				COPY_PHASE_STRIP = NO;
				DEBUG_INFORMATION_FORMAT = "dwarf-with-dsym";
				ENABLE_NS_ASSERTIONS = NO;
				ENABLE_STRICT_OBJC_MSGSEND = YES;
				GCC_C_LANGUAGE_STANDARD = gnu11;
				GCC_NO_COMMON_BLOCKS = YES;
				GCC_WARN_64_TO_32_BIT_CONVERSION = YES;
				GCC_WARN_ABOUT_RETURN_TYPE = YES_ERROR;
				GCC_WARN_UNDECLARED_SELECTOR = YES;
				GCC_WARN_UNINITIALIZED_AUTOS = YES_AGGRESSIVE;
				GCC_WARN_UNUSED_FUNCTION = YES;
				GCC_WARN_UNUSED_VARIABLE = YES;
				IPHONEOS_DEPLOYMENT_TARGET = 16.2;
				MTL_ENABLE_DEBUG_INFO = NO;
				MTL_FAST_MATH = YES;
				SDKROOT = iphoneos;
				SWIFT_COMPILATION_MODE = wholemodule;
				SWIFT_OPTIMIZATION_LEVEL = "-O";
				VALIDATE_PRODUCT = YES;
			};
			name = Release;
		};
		E932458B2B6DFC3F00C7AEB3 /* Debug */ = {
			isa = XCBuildConfiguration;
			buildSettings = {
				ASSETCATALOG_COMPILER_APPICON_NAME = AppIcon;
				ASSETCATALOG_COMPILER_GLOBAL_ACCENT_COLOR_NAME = AccentColor;
				CODE_SIGN_IDENTITY = "Apple Development";
				CODE_SIGN_STYLE = Automatic;
				CURRENT_PROJECT_VERSION = 1;
				DEVELOPMENT_TEAM = "";
				GENERATE_INFOPLIST_FILE = YES;
				INFOPLIST_FILE = AA/Info.plist;
				INFOPLIST_KEY_UIApplicationSupportsIndirectInputEvents = YES;
				INFOPLIST_KEY_UILaunchStoryboardName = LaunchScreen;
				INFOPLIST_KEY_UISupportedInterfaceOrientations_iPad = "UIInterfaceOrientationPortrait UIInterfaceOrientationPortraitUpsideDown UIInterfaceOrientationLandscapeLeft UIInterfaceOrientationLandscapeRight";
				INFOPLIST_KEY_UISupportedInterfaceOrientations_iPhone = "UIInterfaceOrientationPortrait UIInterfaceOrientationLandscapeLeft UIInterfaceOrientationLandscapeRight";
				LD_RUNPATH_SEARCH_PATHS = (
					"$(inherited)",
					"@executable_path/Frameworks",
				);
				MARKETING_VERSION = 1.0;
				PRODUCT_BUNDLE_IDENTIFIER = com.abdulkadiroruc.AA;
				PRODUCT_NAME = "$(TARGET_NAME)";
				PROVISIONING_PROFILE_SPECIFIER = "";
				SWIFT_EMIT_LOC_STRINGS = YES;
				SWIFT_VERSION = 5.0;
				TARGETED_DEVICE_FAMILY = "1,2";
			};
			name = Debug;
		};
		E932458C2B6DFC3F00C7AEB3 /* Release */ = {
			isa = XCBuildConfiguration;
			buildSettings = {
				ASSETCATALOG_COMPILER_APPICON_NAME = AppIcon;
				ASSETCATALOG_COMPILER_GLOBAL_ACCENT_COLOR_NAME = AccentColor;
				CODE_SIGN_IDENTITY = "Apple Development";
				CODE_SIGN_STYLE = Automatic;
				CURRENT_PROJECT_VERSION = 1;
				DEVELOPMENT_TEAM = "";
				GENERATE_INFOPLIST_FILE = YES;
				INFOPLIST_FILE = AA/Info.plist;
				INFOPLIST_KEY_UIApplicationSupportsIndirectInputEvents = YES;
				INFOPLIST_KEY_UILaunchStoryboardName = LaunchScreen;
				INFOPLIST_KEY_UISupportedInterfaceOrientations_iPad = "UIInterfaceOrientationPortrait UIInterfaceOrientationPortraitUpsideDown UIInterfaceOrientationLandscapeLeft UIInterfaceOrientationLandscapeRight";
				INFOPLIST_KEY_UISupportedInterfaceOrientations_iPhone = "UIInterfaceOrientationPortrait UIInterfaceOrientationLandscapeLeft UIInterfaceOrientationLandscapeRight";
				LD_RUNPATH_SEARCH_PATHS = (
					"$(inherited)",
					"@executable_path/Frameworks",
				);
				MARKETING_VERSION = 1.0;
				PRODUCT_BUNDLE_IDENTIFIER = com.abdulkadiroruc.AA;
				PRODUCT_NAME = "$(TARGET_NAME)";
				PROVISIONING_PROFILE_SPECIFIER = "";
				SWIFT_EMIT_LOC_STRINGS = YES;
				SWIFT_VERSION = 5.0;
				TARGETED_DEVICE_FAMILY = "1,2";
			};
			name = Release;
		};
/* End XCBuildConfiguration section */

/* Begin XCConfigurationList section */
		E93245712B6DFC3E00C7AEB3 /* Build configuration list for PBXProject "AA" */ = {
			isa = XCConfigurationList;
			buildConfigurations = (
				E93245882B6DFC3F00C7AEB3 /* Debug */,
				E93245892B6DFC3F00C7AEB3 /* Release */,
			);
			defaultConfigurationIsVisible = 0;
			defaultConfigurationName = Release;
		};
		E932458A2B6DFC3F00C7AEB3 /* Build configuration list for PBXNativeTarget "AA" */ = {
			isa = XCConfigurationList;
			buildConfigurations = (
				E932458B2B6DFC3F00C7AEB3 /* Debug */,
				E932458C2B6DFC3F00C7AEB3 /* Release */,
			);
			defaultConfigurationIsVisible = 0;
			defaultConfigurationName = Release;
		};
/* End XCConfigurationList section */

/* Begin XCVersionGroup section */
		E9E373382B711DD4003F51E8 /* DataModel.xcdatamodeld */ = {
			isa = XCVersionGroup;
			children = (
				E9E373392B711DD4003F51E8 /* DataModel.xcdatamodel */,
			);
			currentVersion = E9E373392B711DD4003F51E8 /* DataModel.xcdatamodel */;
			path = DataModel.xcdatamodeld;
			sourceTree = "<group>";
			versionGroupType = wrapper.xcdatamodel;
		};
/* End XCVersionGroup section */
	};
	rootObject = E932456E2B6DFC3E00C7AEB3 /* Project object */;
}
